
Microsoft Visual Studio Solution File, Format Version 12.00
# Visual Studio Version 17
VisualStudioVersion = 17.10.35027.167
MinimumVisualStudioVersion = 10.0.40219.1
Project("{FAE04EC0-301F-11D3-BF4B-00C04F79EFBC}") = "Handling", "Handling\Handling.csproj", "{7B5C3E20-8805-4FF3-8415-582C7E833FEF}"
EndProject
Global
	GlobalSection(SolutionConfigurationPlatforms) = preSolution
		Debug|Any CPU = Debug|Any CPU
		Release|Any CPU = Release|Any CPU
	EndGlobalSection
	GlobalSection(ProjectConfigurationPlatforms) = postSolution
		{7B5C3E20-8805-4FF3-8415-582C7E833FEF}.Debug|Any CPU.ActiveCfg = Debug|Any CPU
		{7B5C3E20-8805-4FF3-8415-582C7E833FEF}.Debug|Any CPU.Build.0 = Debug|Any CPU
		{7B5C3E20-8805-4FF3-8415-582C7E833FEF}.Release|Any CPU.ActiveCfg = Release|Any CPU
		{7B5C3E20-8805-4FF3-8415-582C7E833FEF}.Release|Any CPU.Build.0 = Release|Any CPU
	EndGlobalSection
	GlobalSection(SolutionProperties) = preSolution
		HideSolutionNode = FALSE
	EndGlobalSection
	GlobalSection(ExtensibilityGlobals) = postSolution
		SolutionGuid = {7259921B-38D2-4D00-AE99-C0FB5FE3AECD}
	EndGlobalSection
EndGlobal
