
Microsoft Visual Studio Solution File, Format Version 12.00
# Visual Studio Version 17
VisualStudioVersion = 17.10.35027.167
MinimumVisualStudioVersion = 10.0.40219.1
Project("{FAE04EC0-301F-11D3-BF4B-00C04F79EFBC}") = "Delegates", "Delegates\Delegates.csproj", "{4E701631-60F9-41CA-B4E0-AE97F6A564C9}"
EndProject
Global
	GlobalSection(SolutionConfigurationPlatforms) = preSolution
		Debug|Any CPU = Debug|Any CPU
		Release|Any CPU = Release|Any CPU
	EndGlobalSection
	GlobalSection(ProjectConfigurationPlatforms) = postSolution
		{4E701631-60F9-41CA-B4E0-AE97F6A564C9}.Debug|Any CPU.ActiveCfg = Debug|Any CPU
		{4E701631-60F9-41CA-B4E0-AE97F6A564C9}.Debug|Any CPU.Build.0 = Debug|Any CPU
		{4E701631-60F9-41CA-B4E0-AE97F6A564C9}.Release|Any CPU.ActiveCfg = Release|Any CPU
		{4E701631-60F9-41CA-B4E0-AE97F6A564C9}.Release|Any CPU.Build.0 = Release|Any CPU
	EndGlobalSection
	GlobalSection(SolutionProperties) = preSolution
		HideSolutionNode = FALSE
	EndGlobalSection
	GlobalSection(ExtensibilityGlobals) = postSolution
		SolutionGuid = {F78CD8EF-9C6C-4B49-9CCD-B1C23E06D98B}
	EndGlobalSection
EndGlobal
