
Microsoft Visual Studio Solution File, Format Version 12.00
# Visual Studio Version 17
VisualStudioVersion = 17.10.35027.167
MinimumVisualStudioVersion = 10.0.40219.1
Project("{FAE04EC0-301F-11D3-BF4B-00C04F79EFBC}") = "FileHandling", "FileHandling\FileHandling.csproj", "{FB8B131A-E12E-4F2C-B3DB-3CF3C944A258}"
EndProject
Global
	GlobalSection(SolutionConfigurationPlatforms) = preSolution
		Debug|Any CPU = Debug|Any CPU
		Release|Any CPU = Release|Any CPU
	EndGlobalSection
	GlobalSection(ProjectConfigurationPlatforms) = postSolution
		{FB8B131A-E12E-4F2C-B3DB-3CF3C944A258}.Debug|Any CPU.ActiveCfg = Debug|Any CPU
		{FB8B131A-E12E-4F2C-B3DB-3CF3C944A258}.Debug|Any CPU.Build.0 = Debug|Any CPU
		{FB8B131A-E12E-4F2C-B3DB-3CF3C944A258}.Release|Any CPU.ActiveCfg = Release|Any CPU
		{FB8B131A-E12E-4F2C-B3DB-3CF3C944A258}.Release|Any CPU.Build.0 = Release|Any CPU
	EndGlobalSection
	GlobalSection(SolutionProperties) = preSolution
		HideSolutionNode = FALSE
	EndGlobalSection
	GlobalSection(ExtensibilityGlobals) = postSolution
		SolutionGuid = {6F499AED-2F36-4B76-80C8-77F783C19137}
	EndGlobalSection
EndGlobal
